
Microsoft Visual Studio Solution File, Format Version 12.00
# Visual Studio Version 17
VisualStudioVersion = 17.11.35312.102
MinimumVisualStudioVersion = 10.0.40219.1
Project("{9A19103F-16F7-4668-BE54-9A1E7A4F7556}") = "EF-test", "EF-test\EF-test.csproj", "{BEB6DDEF-3DF6-47AA-89DC-A021C81D0F15}"
EndProject
Project("{9A19103F-16F7-4668-BE54-9A1E7A4F7556}") = "EF-connstring in json", "EF-connstring in json\EF-connstring in json.csproj", "{3BA7D14D-3243-4AF4-A284-FA116400EC85}"
EndProject
Project("{9A19103F-16F7-4668-BE54-9A1E7A4F7556}") = "WinAppUsers", "WinAppUsers\WinAppUsers.csproj", "{1065208F-C8DD-42D7-8560-57D2CE2B3E2C}"
EndProject
Project("{9A19103F-16F7-4668-BE54-9A1E7A4F7556}") = "EF-Student", "EF-Student\EF-Student.csproj", "{5AEB4C56-A65E-4278-8C83-6595020EB484}"
EndProject
Project("{9A19103F-16F7-4668-BE54-9A1E7A4F7556}") = "One-to-one", "One-to-one\One-to-one.csproj", "{00C96641-55A0-4F84-AE44-09FE6B3A5744}"
EndProject
Project("{9A19103F-16F7-4668-BE54-9A1E7A4F7556}") = "One-to-many", "One-to-many\One-to-many.csproj", "{B8162FCC-4131-4305-9193-64B2A0C65C38}"
EndProject
Project("{9A19103F-16F7-4668-BE54-9A1E7A4F7556}") = "One-to-many-FluentApi", "One-to-many-FluentApi\One-to-many-FluentApi.csproj", "{21FB8F93-0BA7-4459-BA21-F5C6E52D92B8}"
EndProject
Project("{9A19103F-16F7-4668-BE54-9A1E7A4F7556}") = "Many-to-many", "Many-to-many\Many-to-many.csproj", "{CD80DB52-CF8F-4F39-9F28-E5E3003B2561}"
EndProject
Project("{9A19103F-16F7-4668-BE54-9A1E7A4F7556}") = "Dapper intro", "Dapper intro\Dapper intro.csproj", "{9F5A9151-2E1A-4867-8F61-F394F0C4E711}"
EndProject
Project("{9A19103F-16F7-4668-BE54-9A1E7A4F7556}") = "Many-many(Student-Project)", "Many-many(Student-Project)\Many-many(Student-Project).csproj", "{58B9764A-31B3-4E5B-A87F-D5F35A086C8E}"
EndProject
Project("{9A19103F-16F7-4668-BE54-9A1E7A4F7556}") = "WinFormsApp Intro", "WinFormsApp Intro\WinFormsApp Intro.csproj", "{4C9E1E02-50CE-4101-B81B-15B8BE3FB17C}"
EndProject
Project("{9A19103F-16F7-4668-BE54-9A1E7A4F7556}") = "Check homes EF", "Check homes EF\Check homes EF.csproj", "{8124C7FE-F8DE-40E4-8FC2-733CA9905610}"
EndProject
Project("{FAE04EC0-301F-11D3-BF4B-00C04F79EFBC}") = "Database First", "Database First\Database First.csproj", "{76412494-90E9-4D37-B149-DB1A35583DD5}"
EndProject
Project("{FAE04EC0-301F-11D3-BF4B-00C04F79EFBC}") = "Database First (college)", "Database First (college)\Database First (college).csproj", "{8D96B165-007B-47E1-BBBE-D44010A3E630}"
EndProject
Global
	GlobalSection(SolutionConfigurationPlatforms) = preSolution
		Debug|Any CPU = Debug|Any CPU
		Release|Any CPU = Release|Any CPU
	EndGlobalSection
	GlobalSection(ProjectConfigurationPlatforms) = postSolution
		{BEB6DDEF-3DF6-47AA-89DC-A021C81D0F15}.Debug|Any CPU.ActiveCfg = Debug|Any CPU
		{BEB6DDEF-3DF6-47AA-89DC-A021C81D0F15}.Debug|Any CPU.Build.0 = Debug|Any CPU
		{BEB6DDEF-3DF6-47AA-89DC-A021C81D0F15}.Release|Any CPU.ActiveCfg = Release|Any CPU
		{BEB6DDEF-3DF6-47AA-89DC-A021C81D0F15}.Release|Any CPU.Build.0 = Release|Any CPU
		{3BA7D14D-3243-4AF4-A284-FA116400EC85}.Debug|Any CPU.ActiveCfg = Debug|Any CPU
		{3BA7D14D-3243-4AF4-A284-FA116400EC85}.Debug|Any CPU.Build.0 = Debug|Any CPU
		{3BA7D14D-3243-4AF4-A284-FA116400EC85}.Release|Any CPU.ActiveCfg = Release|Any CPU
		{3BA7D14D-3243-4AF4-A284-FA116400EC85}.Release|Any CPU.Build.0 = Release|Any CPU
		{1065208F-C8DD-42D7-8560-57D2CE2B3E2C}.Debug|Any CPU.ActiveCfg = Debug|Any CPU
		{1065208F-C8DD-42D7-8560-57D2CE2B3E2C}.Debug|Any CPU.Build.0 = Debug|Any CPU
		{1065208F-C8DD-42D7-8560-57D2CE2B3E2C}.Release|Any CPU.ActiveCfg = Release|Any CPU
		{1065208F-C8DD-42D7-8560-57D2CE2B3E2C}.Release|Any CPU.Build.0 = Release|Any CPU
		{5AEB4C56-A65E-4278-8C83-6595020EB484}.Debug|Any CPU.ActiveCfg = Debug|Any CPU
		{5AEB4C56-A65E-4278-8C83-6595020EB484}.Debug|Any CPU.Build.0 = Debug|Any CPU
		{5AEB4C56-A65E-4278-8C83-6595020EB484}.Release|Any CPU.ActiveCfg = Release|Any CPU
		{5AEB4C56-A65E-4278-8C83-6595020EB484}.Release|Any CPU.Build.0 = Release|Any CPU
		{00C96641-55A0-4F84-AE44-09FE6B3A5744}.Debug|Any CPU.ActiveCfg = Debug|Any CPU
		{00C96641-55A0-4F84-AE44-09FE6B3A5744}.Debug|Any CPU.Build.0 = Debug|Any CPU
		{00C96641-55A0-4F84-AE44-09FE6B3A5744}.Release|Any CPU.ActiveCfg = Release|Any CPU
		{00C96641-55A0-4F84-AE44-09FE6B3A5744}.Release|Any CPU.Build.0 = Release|Any CPU
		{B8162FCC-4131-4305-9193-64B2A0C65C38}.Debug|Any CPU.ActiveCfg = Debug|Any CPU
		{B8162FCC-4131-4305-9193-64B2A0C65C38}.Debug|Any CPU.Build.0 = Debug|Any CPU
		{B8162FCC-4131-4305-9193-64B2A0C65C38}.Release|Any CPU.ActiveCfg = Release|Any CPU
		{B8162FCC-4131-4305-9193-64B2A0C65C38}.Release|Any CPU.Build.0 = Release|Any CPU
		{21FB8F93-0BA7-4459-BA21-F5C6E52D92B8}.Debug|Any CPU.ActiveCfg = Debug|Any CPU
		{21FB8F93-0BA7-4459-BA21-F5C6E52D92B8}.Debug|Any CPU.Build.0 = Debug|Any CPU
		{21FB8F93-0BA7-4459-BA21-F5C6E52D92B8}.Release|Any CPU.ActiveCfg = Release|Any CPU
		{21FB8F93-0BA7-4459-BA21-F5C6E52D92B8}.Release|Any CPU.Build.0 = Release|Any CPU
		{CD80DB52-CF8F-4F39-9F28-E5E3003B2561}.Debug|Any CPU.ActiveCfg = Debug|Any CPU
		{CD80DB52-CF8F-4F39-9F28-E5E3003B2561}.Debug|Any CPU.Build.0 = Debug|Any CPU
		{CD80DB52-CF8F-4F39-9F28-E5E3003B2561}.Release|Any CPU.ActiveCfg = Release|Any CPU
		{CD80DB52-CF8F-4F39-9F28-E5E3003B2561}.Release|Any CPU.Build.0 = Release|Any CPU
		{9F5A9151-2E1A-4867-8F61-F394F0C4E711}.Debug|Any CPU.ActiveCfg = Debug|Any CPU
		{9F5A9151-2E1A-4867-8F61-F394F0C4E711}.Debug|Any CPU.Build.0 = Debug|Any CPU
		{9F5A9151-2E1A-4867-8F61-F394F0C4E711}.Release|Any CPU.ActiveCfg = Release|Any CPU
		{9F5A9151-2E1A-4867-8F61-F394F0C4E711}.Release|Any CPU.Build.0 = Release|Any CPU
		{58B9764A-31B3-4E5B-A87F-D5F35A086C8E}.Debug|Any CPU.ActiveCfg = Debug|Any CPU
		{58B9764A-31B3-4E5B-A87F-D5F35A086C8E}.Debug|Any CPU.Build.0 = Debug|Any CPU
		{58B9764A-31B3-4E5B-A87F-D5F35A086C8E}.Release|Any CPU.ActiveCfg = Release|Any CPU
		{58B9764A-31B3-4E5B-A87F-D5F35A086C8E}.Release|Any CPU.Build.0 = Release|Any CPU
		{4C9E1E02-50CE-4101-B81B-15B8BE3FB17C}.Debug|Any CPU.ActiveCfg = Debug|Any CPU
		{4C9E1E02-50CE-4101-B81B-15B8BE3FB17C}.Debug|Any CPU.Build.0 = Debug|Any CPU
		{4C9E1E02-50CE-4101-B81B-15B8BE3FB17C}.Release|Any CPU.ActiveCfg = Release|Any CPU
		{4C9E1E02-50CE-4101-B81B-15B8BE3FB17C}.Release|Any CPU.Build.0 = Release|Any CPU
		{8124C7FE-F8DE-40E4-8FC2-733CA9905610}.Debug|Any CPU.ActiveCfg = Debug|Any CPU
		{8124C7FE-F8DE-40E4-8FC2-733CA9905610}.Debug|Any CPU.Build.0 = Debug|Any CPU
		{8124C7FE-F8DE-40E4-8FC2-733CA9905610}.Release|Any CPU.ActiveCfg = Release|Any CPU
		{8124C7FE-F8DE-40E4-8FC2-733CA9905610}.Release|Any CPU.Build.0 = Release|Any CPU
		{76412494-90E9-4D37-B149-DB1A35583DD5}.Debug|Any CPU.ActiveCfg = Debug|Any CPU
		{76412494-90E9-4D37-B149-DB1A35583DD5}.Debug|Any CPU.Build.0 = Debug|Any CPU
		{76412494-90E9-4D37-B149-DB1A35583DD5}.Release|Any CPU.ActiveCfg = Release|Any CPU
		{76412494-90E9-4D37-B149-DB1A35583DD5}.Release|Any CPU.Build.0 = Release|Any CPU
		{8D96B165-007B-47E1-BBBE-D44010A3E630}.Debug|Any CPU.ActiveCfg = Debug|Any CPU
		{8D96B165-007B-47E1-BBBE-D44010A3E630}.Debug|Any CPU.Build.0 = Debug|Any CPU
		{8D96B165-007B-47E1-BBBE-D44010A3E630}.Release|Any CPU.ActiveCfg = Release|Any CPU
		{8D96B165-007B-47E1-BBBE-D44010A3E630}.Release|Any CPU.Build.0 = Release|Any CPU
	EndGlobalSection
	GlobalSection(SolutionProperties) = preSolution
		HideSolutionNode = FALSE
	EndGlobalSection
	GlobalSection(ExtensibilityGlobals) = postSolution
		SolutionGuid = {56778919-2CD5-4470-8D13-B9B67A604901}
	EndGlobalSection
EndGlobal
